// !$*UTF8*$!
{
	archiveVersion = 1;
	classes = {
	};
	objectVersion = 50;
	objects = {

/* Begin PBXBuildFile section */
		173B0BC220B9BE03008040B0 /* AppDelegate.swift in Sources */ = {isa = PBXBuildFile; fileRef = 173B0BC120B9BE03008040B0 /* AppDelegate.swift */; };
		173B0BC720B9BE03008040B0 /* Main.storyboard in Resources */ = {isa = PBXBuildFile; fileRef = 173B0BC520B9BE03008040B0 /* Main.storyboard */; };
		173B0BC920B9BE06008040B0 /* Assets.xcassets in Resources */ = {isa = PBXBuildFile; fileRef = 173B0BC820B9BE06008040B0 /* Assets.xcassets */; };
		173B0BCC20B9BE06008040B0 /* LaunchScreen.storyboard in Resources */ = {isa = PBXBuildFile; fileRef = 173B0BCA20B9BE06008040B0 /* LaunchScreen.storyboard */; };
		173B0BD420B9BF0E008040B0 /* PhotoController.swift in Sources */ = {isa = PBXBuildFile; fileRef = 173B0BD320B9BF0E008040B0 /* PhotoController.swift */; };
/* End PBXBuildFile section */

/* Begin PBXFileReference section */
		173B0BBE20B9BE03008040B0 /* Partager les moments.app */ = {isa = PBXFileReference; explicitFileType = wrapper.application; includeInIndex = 0; path = "Partager les moments.app"; sourceTree = BUILT_PRODUCTS_DIR; };
		173B0BC120B9BE03008040B0 /* AppDelegate.swift */ = {isa = PBXFileReference; lastKnownFileType = sourcecode.swift; path = AppDelegate.swift; sourceTree = "<group>"; };
		173B0BC620B9BE03008040B0 /* Base */ = {isa = PBXFileReference; lastKnownFileType = file.storyboard; name = Base; path = Base.lproj/Main.storyboard; sourceTree = "<group>"; };
		173B0BC820B9BE06008040B0 /* Assets.xcassets */ = {isa = PBXFileReference; lastKnownFileType = folder.assetcatalog; path = Assets.xcassets; sourceTree = "<group>"; };
		173B0BCB20B9BE06008040B0 /* Base */ = {isa = PBXFileReference; lastKnownFileType = file.storyboard; name = Base; path = Base.lproj/LaunchScreen.storyboard; sourceTree = "<group>"; };
		173B0BCD20B9BE06008040B0 /* Info.plist */ = {isa = PBXFileReference; lastKnownFileType = text.plist.xml; path = Info.plist; sourceTree = "<group>"; };
		173B0BD320B9BF0E008040B0 /* PhotoController.swift */ = {isa = PBXFileReference; lastKnownFileType = sourcecode.swift; path = PhotoController.swift; sourceTree = "<group>"; };
/* End PBXFileReference section */

/* Begin PBXFrameworksBuildPhase section */
		173B0BBB20B9BE03008040B0 /* Frameworks */ = {
			isa = PBXFrameworksBuildPhase;
			buildActionMask = 2147483647;
			files = (
			);
			runOnlyForDeploymentPostprocessing = 0;
		};
/* End PBXFrameworksBuildPhase section */

/* Begin PBXGroup section */
		173B0BB520B9BE03008040B0 = {
			isa = PBXGroup;
			children = (
				173B0BC020B9BE03008040B0 /* Partager les moments */,
				173B0BBF20B9BE03008040B0 /* Products */,
			);
			sourceTree = "<group>";
		};
		173B0BBF20B9BE03008040B0 /* Products */ = {
			isa = PBXGroup;
			children = (
				173B0BBE20B9BE03008040B0 /* Partager les moments.app */,
			);
			name = Products;
			sourceTree = "<group>";
		};
		173B0BC020B9BE03008040B0 /* Partager les moments */ = {
			isa = PBXGroup;
			children = (
				173B0BC120B9BE03008040B0 /* AppDelegate.swift */,
				173B0BC520B9BE03008040B0 /* Main.storyboard */,
				173B0BC820B9BE06008040B0 /* Assets.xcassets */,
				173B0BCA20B9BE06008040B0 /* LaunchScreen.storyboard */,
				173B0BCD20B9BE06008040B0 /* Info.plist */,
				173B0BD320B9BF0E008040B0 /* PhotoController.swift */,
			);
			path = "Partager les moments";
			sourceTree = "<group>";
		};
/* End PBXGroup section */

/* Begin PBXNativeTarget section */
		173B0BBD20B9BE03008040B0 /* Partager les moments */ = {
			isa = PBXNativeTarget;
			buildConfigurationList = 173B0BD020B9BE06008040B0 /* Build configuration list for PBXNativeTarget "Partager les moments" */;
			buildPhases = (
				173B0BBA20B9BE03008040B0 /* Sources */,
				173B0BBB20B9BE03008040B0 /* Frameworks */,
				173B0BBC20B9BE03008040B0 /* Resources */,
			);
			buildRules = (
			);
			dependencies = (
			);
			name = "Partager les moments";
			productName = "Partager les moments";
			productReference = 173B0BBE20B9BE03008040B0 /* Partager les moments.app */;
			productType = "com.apple.product-type.application";
		};
/* End PBXNativeTarget section */

/* Begin PBXProject section */
		173B0BB620B9BE03008040B0 /* Project object */ = {
			isa = PBXProject;
			attributes = {
				LastSwiftUpdateCheck = 0930;
				LastUpgradeCheck = 0930;
				ORGANIZATIONNAME = "Benoît Goossens";
				TargetAttributes = {
					173B0BBD20B9BE03008040B0 = {
						CreatedOnToolsVersion = 9.3.1;
					};
				};
			};
			buildConfigurationList = 173B0BB920B9BE03008040B0 /* Build configuration list for PBXProject "Partager les moments" */;
			compatibilityVersion = "Xcode 9.3";
			developmentRegion = en;
			hasScannedForEncodings = 0;
			knownRegions = (
				en,
				Base,
			);
			mainGroup = 173B0BB520B9BE03008040B0;
			productRefGroup = 173B0BBF20B9BE03008040B0 /* Products */;
			projectDirPath = "";
			projectRoot = "";
			targets = (
				173B0BBD20B9BE03008040B0 /* Partager les moments */,
			);
		};
/* End PBXProject section */

/* Begin PBXResourcesBuildPhase section */
		173B0BBC20B9BE03008040B0 /* Resources */ = {
			isa = PBXResourcesBuildPhase;
			buildActionMask = 2147483647;
			files = (
				173B0BCC20B9BE06008040B0 /* LaunchScreen.storyboard in Resources */,
				173B0BC920B9BE06008040B0 /* Assets.xcassets in Resources */,
				173B0BC720B9BE03008040B0 /* Main.storyboard in Resources */,
			);
			runOnlyForDeploymentPostprocessing = 0;
		};
/* End PBXResourcesBuildPhase section */

/* Begin PBXSourcesBuildPhase section */
		173B0BBA20B9BE03008040B0 /* Sources */ = {
			isa = PBXSourcesBuildPhase;
			buildActionMask = 2147483647;
			files = (
				173B0BD420B9BF0E008040B0 /* PhotoController.swift in Sources */,
				173B0BC220B9BE03008040B0 /* AppDelegate.swift in Sources */,
			);
			runOnlyForDeploymentPostprocessing = 0;
		};
/* End PBXSourcesBuildPhase section */

/* Begin PBXVariantGroup section */
		173B0BC520B9BE03008040B0 /* Main.storyboard */ = {
			isa = PBXVariantGroup;
			children = (
				173B0BC620B9BE03008040B0 /* Base */,
			);
			name = Main.storyboard;
			sourceTree = "<group>";
		};
		173B0BCA20B9BE06008040B0 /* LaunchScreen.storyboard */ = {
			isa = PBXVariantGroup;
			children = (
				173B0BCB20B9BE06008040B0 /* Base */,
			);
			name = LaunchScreen.storyboard;
			sourceTree = "<group>";
		};
/* End PBXVariantGroup section */

/* Begin XCBuildConfiguration section */
		173B0BCE20B9BE06008040B0 /* Debug */ = {
			isa = XCBuildConfiguration;
			buildSettings = {
				ALWAYS_SEARCH_USER_PATHS = NO;
				CLANG_ANALYZER_NONNULL = YES;
				CLANG_ANALYZER_NUMBER_OBJECT_CONVERSION = YES_AGGRESSIVE;
				CLANG_CXX_LANGUAGE_STANDARD = "gnu++14";
				CLANG_CXX_LIBRARY = "libc++";
				CLANG_ENABLE_MODULES = YES;
				CLANG_ENABLE_OBJC_ARC = YES;
				CLANG_ENABLE_OBJC_WEAK = YES;
				CLANG_WARN_BLOCK_CAPTURE_AUTORELEASING = YES;
				CLANG_WARN_BOOL_CONVERSION = YES;
				CLANG_WARN_COMMA = YES;
				CLANG_WARN_CONSTANT_CONVERSION = YES;
				CLANG_WARN_DEPRECATED_OBJC_IMPLEMENTATIONS = YES;
				CLANG_WARN_DIRECT_OBJC_ISA_USAGE = YES_ERROR;
				CLANG_WARN_DOCUMENTATION_COMMENTS = YES;
				CLANG_WARN_EMPTY_BODY = YES;
				CLANG_WARN_ENUM_CONVERSION = YES;
				CLANG_WARN_INFINITE_RECURSION = YES;
				CLANG_WARN_INT_CONVERSION = YES;
				CLANG_WARN_NON_LITERAL_NULL_CONVERSION = YES;
				CLANG_WARN_OBJC_IMPLICIT_RETAIN_SELF = YES;
				CLANG_WARN_OBJC_LITERAL_CONVERSION = YES;
				CLANG_WARN_OBJC_ROOT_CLASS = YES_ERROR;
				CLANG_WARN_RANGE_LOOP_ANALYSIS = YES;
				CLANG_WARN_STRICT_PROTOTYPES = YES;
				CLANG_WARN_SUSPICIOUS_MOVE = YES;
				CLANG_WARN_UNGUARDED_AVAILABILITY = YES_AGGRESSIVE;
				CLANG_WARN_UNREACHABLE_CODE = YES;
				CLANG_WARN__DUPLICATE_METHOD_MATCH = YES;
				CODE_SIGN_IDENTITY = "iPhone Developer";
				COPY_PHASE_STRIP = NO;
				DEBUG_INFORMATION_FORMAT = dwarf;
				ENABLE_STRICT_OBJC_MSGSEND = YES;
				ENABLE_TESTABILITY = YES;
				GCC_C_LANGUAGE_STANDARD = gnu11;
				GCC_DYNAMIC_NO_PIC = NO;
				GCC_NO_COMMON_BLOCKS = YES;
				GCC_OPTIMIZATION_LEVEL = 0;
				GCC_PREPROCESSOR_DEFINITIONS = (
					"DEBUG=1",
					"$(inherited)",
				);
				GCC_WARN_64_TO_32_BIT_CONVERSION = YES;
				GCC_WARN_ABOUT_RETURN_TYPE = YES_ERROR;
				GCC_WARN_UNDECLARED_SELECTOR = YES;
				GCC_WARN_UNINITIALIZED_AUTOS = YES_AGGRESSIVE;
				GCC_WARN_UNUSED_FUNCTION = YES;
				GCC_WARN_UNUSED_VARIABLE = YES;
				IPHONEOS_DEPLOYMENT_TARGET = 11.3;
				MTL_ENABLE_DEBUG_INFO = YES;
				ONLY_ACTIVE_ARCH = YES;
				SDKROOT = iphoneos;
				SWIFT_ACTIVE_COMPILATION_CONDITIONS = DEBUG;
				SWIFT_OPTIMIZATION_LEVEL = "-Onone";
			};
			name = Debug;
		};
		173B0BCF20B9BE06008040B0 /* Release */ = {
			isa = XCBuildConfiguration;
			buildSettings = {
				ALWAYS_SEARCH_USER_PATHS = NO;
				CLANG_ANALYZER_NONNULL = YES;
				CLANG_ANALYZER_NUMBER_OBJECT_CONVERSION = YES_AGGRESSIVE;
				CLANG_CXX_LANGUAGE_STANDARD = "gnu++14";
				CLANG_CXX_LIBRARY = "libc++";
				CLANG_ENABLE_MODULES = YES;
				CLANG_ENABLE_OBJC_ARC = YES;
				CLANG_ENABLE_OBJC_WEAK = YES;
				CLANG_WARN_BLOCK_CAPTURE_AUTORELEASING = YES;
				CLANG_WARN_BOOL_CONVERSION = YES;
				CLANG_WARN_COMMA = YES;
				CLANG_WARN_CONSTANT_CONVERSION = YES;
				CLANG_WARN_DEPRECATED_OBJC_IMPLEMENTATIONS = YES;
				CLANG_WARN_DIRECT_OBJC_ISA_USAGE = YES_ERROR;
				CLANG_WARN_DOCUMENTATION_COMMENTS = YES;
				CLANG_WARN_EMPTY_BODY = YES;
				CLANG_WARN_ENUM_CONVERSION = YES;
				CLANG_WARN_INFINITE_RECURSION = YES;
				CLANG_WARN_INT_CONVERSION = YES;
				CLANG_WARN_NON_LITERAL_NULL_CONVERSION = YES;
				CLANG_WARN_OBJC_IMPLICIT_RETAIN_SELF = YES;
				CLANG_WARN_OBJC_LITERAL_CONVERSION = YES;
				CLANG_WARN_OBJC_ROOT_CLASS = YES_ERROR;
				CLANG_WARN_RANGE_LOOP_ANALYSIS = YES;
				CLANG_WARN_STRICT_PROTOTYPES = YES;
				CLANG_WARN_SUSPICIOUS_MOVE = YES;
				CLANG_WARN_UNGUARDED_AVAILABILITY = YES_AGGRESSIVE;
				CLANG_WARN_UNREACHABLE_CODE = YES;
				CLANG_WARN__DUPLICATE_METHOD_MATCH = YES;
				CODE_SIGN_IDENTITY = "iPhone Developer";
				COPY_PHASE_STRIP = NO;
				DEBUG_INFORMATION_FORMAT = "dwarf-with-dsym";
				ENABLE_NS_ASSERTIONS = NO;
				ENABLE_STRICT_OBJC_MSGSEND = YES;
				GCC_C_LANGUAGE_STANDARD = gnu11;
				GCC_NO_COMMON_BLOCKS = YES;
				GCC_WARN_64_TO_32_BIT_CONVERSION = YES;
				GCC_WARN_ABOUT_RETURN_TYPE = YES_ERROR;
				GCC_WARN_UNDECLARED_SELECTOR = YES;
				GCC_WARN_UNINITIALIZED_AUTOS = YES_AGGRESSIVE;
				GCC_WARN_UNUSED_FUNCTION = YES;
				GCC_WARN_UNUSED_VARIABLE = YES;
				IPHONEOS_DEPLOYMENT_TARGET = 11.3;
				MTL_ENABLE_DEBUG_INFO = NO;
				SDKROOT = iphoneos;
				SWIFT_COMPILATION_MODE = wholemodule;
				SWIFT_OPTIMIZATION_LEVEL = "-O";
				VALIDATE_PRODUCT = YES;
			};
			name = Release;
		};
		173B0BD120B9BE06008040B0 /* Debug */ = {
			isa = XCBuildConfiguration;
			buildSettings = {
				ASSETCATALOG_COMPILER_APPICON_NAME = AppIcon;
				CODE_SIGN_STYLE = Automatic;
				DEVELOPMENT_TEAM = 454GYU24G4;
				INFOPLIST_FILE = "Partager les moments/Info.plist";
				LD_RUNPATH_SEARCH_PATHS = (
					"$(inherited)",
					"@executable_path/Frameworks",
				);
				PRODUCT_BUNDLE_IDENTIFIER = "Ben.Partager-les-moments";
				PRODUCT_NAME = "$(TARGET_NAME)";
				SWIFT_VERSION = 4.0;
				TARGETED_DEVICE_FAMILY = "1,2";
			};
			name = Debug;
		};
		173B0BD220B9BE06008040B0 /* Release */ = {
			isa = XCBuildConfiguration;
			buildSettings = {
				ASSETCATALOG_COMPILER_APPICON_NAME = AppIcon;
				CODE_SIGN_STYLE = Automatic;
				DEVELOPMENT_TEAM = 454GYU24G4;
				INFOPLIST_FILE = "Partager les moments/Info.plist";
				LD_RUNPATH_SEARCH_PATHS = (
					"$(inherited)",
					"@executable_path/Frameworks",
				);
				PRODUCT_BUNDLE_IDENTIFIER = "Ben.Partager-les-moments";
				PRODUCT_NAME = "$(TARGET_NAME)";
				SWIFT_VERSION = 4.0;
				TARGETED_DEVICE_FAMILY = "1,2";
			};
			name = Release;
		};
/* End XCBuildConfiguration section */

/* Begin XCConfigurationList section */
		173B0BB920B9BE03008040B0 /* Build configuration list for PBXProject "Partager les moments" */ = {
			isa = XCConfigurationList;
			buildConfigurations = (
				173B0BCE20B9BE06008040B0 /* Debug */,
				173B0BCF20B9BE06008040B0 /* Release */,
			);
			defaultConfigurationIsVisible = 0;
			defaultConfigurationName = Release;
		};
		173B0BD020B9BE06008040B0 /* Build configuration list for PBXNativeTarget "Partager les moments" */ = {
			isa = XCConfigurationList;
			buildConfigurations = (
				173B0BD120B9BE06008040B0 /* Debug */,
				173B0BD220B9BE06008040B0 /* Release */,
			);
			defaultConfigurationIsVisible = 0;
			defaultConfigurationName = Release;
		};
/* End XCConfigurationList section */
	};
	rootObject = 173B0BB620B9BE03008040B0 /* Project object */;
}
